
Microsoft Visual Studio Solution File, Format Version 12.00
# Visual Studio Version 17
VisualStudioVersion = 17.0.31521.260
MinimumVisualStudioVersion = 10.0.40219.1
Project("{9A19103F-16F7-4668-BE54-9A1E7A4F7556}") = "DemoLibrary", "DemoLibrary\DemoLibrary.csproj", "{0A718329-42D6-40E6-B985-6A5F827CD264}"
EndProject
Project("{9092AA53-FB77-4645-B42D-1CCCA6BD08BD}") = "NodejsWebApp1", "NodejsWebApp1\NodejsWebApp1.njsproj", "{D2BD4B01-EB1C-4E9B-A863-75C20CA3E86F}"
EndProject
Global
	GlobalSection(SolutionConfigurationPlatforms) = preSolution
		Debug|Any CPU = Debug|Any CPU
		Release|Any CPU = Release|Any CPU
	EndGlobalSection
	GlobalSection(ProjectConfigurationPlatforms) = postSolution
		{0A718329-42D6-40E6-B985-6A5F827CD264}.Debug|Any CPU.ActiveCfg = Debug|Any CPU
		{0A718329-42D6-40E6-B985-6A5F827CD264}.Debug|Any CPU.Build.0 = Debug|Any CPU
		{0A718329-42D6-40E6-B985-6A5F827CD264}.Release|Any CPU.ActiveCfg = Release|Any CPU
		{0A718329-42D6-40E6-B985-6A5F827CD264}.Release|Any CPU.Build.0 = Release|Any CPU
		{D2BD4B01-EB1C-4E9B-A863-75C20CA3E86F}.Debug|Any CPU.ActiveCfg = Debug|Any CPU
		{D2BD4B01-EB1C-4E9B-A863-75C20CA3E86F}.Debug|Any CPU.Build.0 = Debug|Any CPU
		{D2BD4B01-EB1C-4E9B-A863-75C20CA3E86F}.Release|Any CPU.ActiveCfg = Release|Any CPU
		{D2BD4B01-EB1C-4E9B-A863-75C20CA3E86F}.Release|Any CPU.Build.0 = Release|Any CPU
	EndGlobalSection
	GlobalSection(SolutionProperties) = preSolution
		HideSolutionNode = FALSE
	EndGlobalSection
	GlobalSection(ExtensibilityGlobals) = postSolution
		SolutionGuid = {0243E94B-2515-432C-92AC-C41B42EEDBC1}
	EndGlobalSection
EndGlobal
